
Microsoft Visual Studio Solution File, Format Version 12.00
# Visual Studio Version 17
VisualStudioVersion = 17.2.32602.215
MinimumVisualStudioVersion = 10.0.40219.1
Project("{FAE04EC0-301F-11D3-BF4B-00C04F79EFBC}") = "UnrulableWallet.UI", "UnrulableWallet-WindowsForms\UnrulableWallet.UI.csproj", "{878037C0-CE06-4CDA-AFF8-43000071BE33}"
EndProject
Global
	GlobalSection(SolutionConfigurationPlatforms) = preSolution
		Debug|Any CPU = Debug|Any CPU
		Release|Any CPU = Release|Any CPU
	EndGlobalSection
	GlobalSection(ProjectConfigurationPlatforms) = postSolution
		{878037C0-CE06-4CDA-AFF8-43000071BE33}.Debug|Any CPU.ActiveCfg = Debug|Any CPU
		{878037C0-CE06-4CDA-AFF8-43000071BE33}.Debug|Any CPU.Build.0 = Debug|Any CPU
		{878037C0-CE06-4CDA-AFF8-43000071BE33}.Release|Any CPU.ActiveCfg = Release|Any CPU
		{878037C0-CE06-4CDA-AFF8-43000071BE33}.Release|Any CPU.Build.0 = Release|Any CPU
	EndGlobalSection
	GlobalSection(SolutionProperties) = preSolution
		HideSolutionNode = FALSE
	EndGlobalSection
	GlobalSection(ExtensibilityGlobals) = postSolution
		SolutionGuid = {E9C74B69-0208-4E32-AE52-59D25C693640}
	EndGlobalSection
EndGlobal
